# This file is automatically @generated by Cargo.
# It is not intended for manual editing.
version = 4

[[package]]
name = "b3ll0ws"
version = "0.1.0"
dependencies = [
 "campf1r3-core",
 "k1ndl1ng-campf1r3",
 "k1ndl1ng-norm",
]

[[package]]
name = "campf1r3-core"
version = "0.1.0"

[[package]]
name = "gaze-dom-core"
version = "0.1.0"
dependencies = [
 "k1ndl1ng-norm",
]

[[package]]
name = "gaze-exec"
version = "0.1.0"
dependencies = [
 "b3ll0ws",
 "campf1r3-core",
 "gaze-dom-core",
 "gaze-graded",
 "gaze-knf",
 "k1ndl1ng-campf1r3",
 "k1ndl1ng-norm",
 "k1ndl1ng-parse",
]

[[package]]
name = "gaze-graded"
version = "0.1.0"

[[package]]
name = "gaze-knf"
version = "0.1.0"
dependencies = [
 "k1ndl1ng-norm",
 "k1ndl1ng-parse",
]

[[package]]
name = "k1ndl1ng-ast"
version = "0.1.0"

[[package]]
name = "k1ndl1ng-campf1r3"
version = "0.1.0"
dependencies = [
 "campf1r3-core",
 "k1ndl1ng-norm",
]

[[package]]
name = "k1ndl1ng-norm"
version = "0.1.0"
dependencies = [
 "k1ndl1ng-ast",
]

[[package]]
name = "k1ndl1ng-parse"
version = "0.1.0"
dependencies = [
 "k1ndl1ng-ast",
]
